# This file is automatically @generated by Wally.
# It is not intended for manual editing.
registry = "test"

[[package]]
name = "va0ck/folder-net"
version = "1.0.0"
dependencies = []

[[package]]
name = "va0ck/robloxianphysical"
version = "0.1.0"
dependencies = [["folder-net", "va0ck/folder-net@1.0.0"]]
